<?xml version="1.0" encoding="utf-8"?>
<Project ToolsVersion="4.0" xmlns="http://schemas.microsoft.com/developer/msbuild/2003">
  <ItemGroup>
    <Filter Include="src">
      <UniqueIdentifier>{bb12d91e-e91a-4d65-bf12-e882b329b00b}</UniqueIdentifier>
    </Filter>
  </ItemGroup>
  <ItemGroup>
    <ClCompile Include="src\ActionLogInfoTests.cpp">
      <Filter>src</Filter>
    </ClCompile>
    <ClCompile Include="src\ActionLogErrorTests.cpp">
      <Filter>src</Filter>
    </ClCompile>
    <ClCompile Include="src\ActionLogWarningTests.cpp">
      <Filter>src</Filter>
    </ClCompile>
    <ClCompile Include="src\CompositeSelectorTests.cpp">
      <Filter>src</Filter>
    </ClCompile>
    <ClCompile Include="src\CompositeSequenceTests.cpp">
      <Filter>src</Filter>
    </ClCompile>
    <ClCompile Include="src\ActionSetIntegerVariableTests.cpp">
      <Filter>src</Filter>
    </ClCompile>
    <ClCompile Include="src\ActionSetStringVariableTests.cpp">
      <Filter>src</Filter>
    </ClCompile>
    <ClCompile Include="src\ActionCheckVariableExistsTests.cpp">
      <Filter>src</Filter>
    </ClCompile>
    <ClCompile Include="src\ActionCheckVariableEqualsTests.cpp">
      <Filter>src</Filter>
    </ClCompile>
    <ClCompile Include="src\ActionIncrementIntegerVariableTests.cpp">
      <Filter>src</Filter>
    </ClCompile>
    <ClCompile Include="src\ActionDecrementIntegerVariableTests.cpp">
      <Filter>src</Filter>
    </ClCompile>
  </ItemGroup>
  <ItemGroup>
    <ClInclude Include="src\UtilityTest.h">
      <Filter>src</Filter>
    </ClInclude>
  </ItemGroup>
</Project>